
Microsoft Visual Studio Solution File, Format Version 12.00
# Visual Studio Version 17
VisualStudioVersion = 17.8.34525.116
MinimumVisualStudioVersion = 10.0.40219.1
Project("{FAE04EC0-301F-11D3-BF4B-00C04F79EFBC}") = "RazorPagesMovie", "RazorPagesMovie.csproj", "{2618E02F-9E4F-493E-9DEB-03ED8980C08A}"
EndProject
Global
	GlobalSection(SolutionConfigurationPlatforms) = preSolution
		Debug|Any CPU = Debug|Any CPU
		Release|Any CPU = Release|Any CPU
	EndGlobalSection
	GlobalSection(ProjectConfigurationPlatforms) = postSolution
		{2618E02F-9E4F-493E-9DEB-03ED8980C08A}.Debug|Any CPU.ActiveCfg = Debug|Any CPU
		{2618E02F-9E4F-493E-9DEB-03ED8980C08A}.Debug|Any CPU.Build.0 = Debug|Any CPU
		{2618E02F-9E4F-493E-9DEB-03ED8980C08A}.Release|Any CPU.ActiveCfg = Release|Any CPU
		{2618E02F-9E4F-493E-9DEB-03ED8980C08A}.Release|Any CPU.Build.0 = Release|Any CPU
	EndGlobalSection
	GlobalSection(SolutionProperties) = preSolution
		HideSolutionNode = FALSE
	EndGlobalSection
	GlobalSection(ExtensibilityGlobals) = postSolution
		SolutionGuid = {CB1A6C6C-AA6C-443E-8AB8-4DA414FFB483}
	EndGlobalSection
EndGlobal
